// !$*UTF8*$!
{
	archiveVersion = 1;
	classes = {
	};
	objectVersion = 51;
	objects = {

/* Begin PBXBuildFile section */
		3757044F2510B8A6007CE4FD /* AppDelegate.swift in Sources */ = {isa = PBXBuildFile; fileRef = 3757044E2510B8A6007CE4FD /* AppDelegate.swift */; };
		375704532510B8A6007CE4FD /* ViewController.swift in Sources */ = {isa = PBXBuildFile; fileRef = 375704522510B8A6007CE4FD /* ViewController.swift */; };
		375704582510B8A7007CE4FD /* Assets.xcassets in Resources */ = {isa = PBXBuildFile; fileRef = 375704572510B8A7007CE4FD /* Assets.xcassets */; };
		3757045B2510B8A7007CE4FD /* LaunchScreen.storyboard in Resources */ = {isa = PBXBuildFile; fileRef = 375704592510B8A7007CE4FD /* LaunchScreen.storyboard */; };
		7FDFB4D2D65EB737AE573E7D /* Pods_GifAndVideoLoopTests.framework in Frameworks */ = {isa = PBXBuildFile; fileRef = E5635B642088472011456E4A /* Pods_GifAndVideoLoopTests.framework */; };
/* End PBXBuildFile section */

/* Begin PBXFileReference section */
		3757044B2510B8A6007CE4FD /* GifAndVideoLoopTests.app */ = {isa = PBXFileReference; explicitFileType = wrapper.application; includeInIndex = 0; path = GifAndVideoLoopTests.app; sourceTree = BUILT_PRODUCTS_DIR; };
		3757044E2510B8A6007CE4FD /* AppDelegate.swift */ = {isa = PBXFileReference; lastKnownFileType = sourcecode.swift; path = AppDelegate.swift; sourceTree = "<group>"; };
		375704522510B8A6007CE4FD /* ViewController.swift */ = {isa = PBXFileReference; lastKnownFileType = sourcecode.swift; path = ViewController.swift; sourceTree = "<group>"; };
		375704572510B8A7007CE4FD /* Assets.xcassets */ = {isa = PBXFileReference; lastKnownFileType = folder.assetcatalog; path = Assets.xcassets; sourceTree = "<group>"; };
		3757045A2510B8A7007CE4FD /* Base */ = {isa = PBXFileReference; lastKnownFileType = file.storyboard; name = Base; path = Base.lproj/LaunchScreen.storyboard; sourceTree = "<group>"; };
		3757045C2510B8A7007CE4FD /* Info.plist */ = {isa = PBXFileReference; lastKnownFileType = text.plist.xml; path = Info.plist; sourceTree = "<group>"; };
		B20F680D13D8B0ED99F99849 /* Pods-GifAndVideoLoopTests.debug.xcconfig */ = {isa = PBXFileReference; includeInIndex = 1; lastKnownFileType = text.xcconfig; name = "Pods-GifAndVideoLoopTests.debug.xcconfig"; path = "Target Support Files/Pods-GifAndVideoLoopTests/Pods-GifAndVideoLoopTests.debug.xcconfig"; sourceTree = "<group>"; };
		E5635B642088472011456E4A /* Pods_GifAndVideoLoopTests.framework */ = {isa = PBXFileReference; explicitFileType = wrapper.framework; includeInIndex = 0; path = Pods_GifAndVideoLoopTests.framework; sourceTree = BUILT_PRODUCTS_DIR; };
		F4852737D5C3AAA876BB0139 /* Pods-GifAndVideoLoopTests.release.xcconfig */ = {isa = PBXFileReference; includeInIndex = 1; lastKnownFileType = text.xcconfig; name = "Pods-GifAndVideoLoopTests.release.xcconfig"; path = "Target Support Files/Pods-GifAndVideoLoopTests/Pods-GifAndVideoLoopTests.release.xcconfig"; sourceTree = "<group>"; };
/* End PBXFileReference section */

/* Begin PBXFrameworksBuildPhase section */
		375704482510B8A6007CE4FD /* Frameworks */ = {
			isa = PBXFrameworksBuildPhase;
			buildActionMask = 2147483647;
			files = (
				7FDFB4D2D65EB737AE573E7D /* Pods_GifAndVideoLoopTests.framework in Frameworks */,
			);
			runOnlyForDeploymentPostprocessing = 0;
		};
/* End PBXFrameworksBuildPhase section */

/* Begin PBXGroup section */
		2A8620962FC6B084D9D8234F /* Frameworks */ = {
			isa = PBXGroup;
			children = (
				E5635B642088472011456E4A /* Pods_GifAndVideoLoopTests.framework */,
			);
			name = Frameworks;
			sourceTree = "<group>";
		};
		375704422510B8A6007CE4FD = {
			isa = PBXGroup;
			children = (
				3757044D2510B8A6007CE4FD /* GifAndVideoLoopTests */,
				3757044C2510B8A6007CE4FD /* Products */,
				84B10F4AD46B934D1F3BF321 /* Pods */,
				2A8620962FC6B084D9D8234F /* Frameworks */,
			);
			sourceTree = "<group>";
		};
		3757044C2510B8A6007CE4FD /* Products */ = {
			isa = PBXGroup;
			children = (
				3757044B2510B8A6007CE4FD /* GifAndVideoLoopTests.app */,
			);
			name = Products;
			sourceTree = "<group>";
		};
		3757044D2510B8A6007CE4FD /* GifAndVideoLoopTests */ = {
			isa = PBXGroup;
			children = (
				3757044E2510B8A6007CE4FD /* AppDelegate.swift */,
				375704522510B8A6007CE4FD /* ViewController.swift */,
				375704572510B8A7007CE4FD /* Assets.xcassets */,
				375704592510B8A7007CE4FD /* LaunchScreen.storyboard */,
				3757045C2510B8A7007CE4FD /* Info.plist */,
			);
			path = GifAndVideoLoopTests;
			sourceTree = "<group>";
		};
		84B10F4AD46B934D1F3BF321 /* Pods */ = {
			isa = PBXGroup;
			children = (
				B20F680D13D8B0ED99F99849 /* Pods-GifAndVideoLoopTests.debug.xcconfig */,
				F4852737D5C3AAA876BB0139 /* Pods-GifAndVideoLoopTests.release.xcconfig */,
			);
			path = Pods;
			sourceTree = "<group>";
		};
/* End PBXGroup section */

/* Begin PBXNativeTarget section */
		3757044A2510B8A6007CE4FD /* GifAndVideoLoopTests */ = {
			isa = PBXNativeTarget;
			buildConfigurationList = 3757045F2510B8A7007CE4FD /* Build configuration list for PBXNativeTarget "GifAndVideoLoopTests" */;
			buildPhases = (
				84191D6CE5447F08A62D9A0E /* [CP] Check Pods Manifest.lock */,
				375704472510B8A6007CE4FD /* Sources */,
				375704482510B8A6007CE4FD /* Frameworks */,
				375704492510B8A6007CE4FD /* Resources */,
				F602F51AEDF985DD833D1A3A /* [CP] Embed Pods Frameworks */,
			);
			buildRules = (
			);
			dependencies = (
			);
			name = GifAndVideoLoopTests;
			productName = GifAndVideoLoopTests;
			productReference = 3757044B2510B8A6007CE4FD /* GifAndVideoLoopTests.app */;
			productType = "com.apple.product-type.application";
		};
/* End PBXNativeTarget section */

/* Begin PBXProject section */
		375704432510B8A6007CE4FD /* Project object */ = {
			isa = PBXProject;
			attributes = {
				LastSwiftUpdateCheck = 1140;
				LastUpgradeCheck = 1140;
				ORGANIZATIONNAME = "Zak Barlow";
				TargetAttributes = {
					3757044A2510B8A6007CE4FD = {
						CreatedOnToolsVersion = 11.4.1;
					};
				};
			};
			buildConfigurationList = 375704462510B8A6007CE4FD /* Build configuration list for PBXProject "GifAndVideoLoopTests" */;
			compatibilityVersion = "Xcode 9.3";
			developmentRegion = en;
			hasScannedForEncodings = 0;
			knownRegions = (
				en,
				Base,
			);
			mainGroup = 375704422510B8A6007CE4FD;
			productRefGroup = 3757044C2510B8A6007CE4FD /* Products */;
			projectDirPath = "";
			projectRoot = "";
			targets = (
				3757044A2510B8A6007CE4FD /* GifAndVideoLoopTests */,
			);
		};
/* End PBXProject section */

/* Begin PBXResourcesBuildPhase section */
		375704492510B8A6007CE4FD /* Resources */ = {
			isa = PBXResourcesBuildPhase;
			buildActionMask = 2147483647;
			files = (
				3757045B2510B8A7007CE4FD /* LaunchScreen.storyboard in Resources */,
				375704582510B8A7007CE4FD /* Assets.xcassets in Resources */,
			);
			runOnlyForDeploymentPostprocessing = 0;
		};
/* End PBXResourcesBuildPhase section */

/* Begin PBXShellScriptBuildPhase section */
		84191D6CE5447F08A62D9A0E /* [CP] Check Pods Manifest.lock */ = {
			isa = PBXShellScriptBuildPhase;
			buildActionMask = 2147483647;
			files = (
			);
			inputFileListPaths = (
			);
			inputPaths = (
				"${PODS_PODFILE_DIR_PATH}/Podfile.lock",
				"${PODS_ROOT}/Manifest.lock",
			);
			name = "[CP] Check Pods Manifest.lock";
			outputFileListPaths = (
			);
			outputPaths = (
				"$(DERIVED_FILE_DIR)/Pods-GifAndVideoLoopTests-checkManifestLockResult.txt",
			);
			runOnlyForDeploymentPostprocessing = 0;
			shellPath = /bin/sh;
			shellScript = "diff \"${PODS_PODFILE_DIR_PATH}/Podfile.lock\" \"${PODS_ROOT}/Manifest.lock\" > /dev/null\nif [ $? != 0 ] ; then\n    # print error to STDERR\n    echo \"error: The sandbox is not in sync with the Podfile.lock. Run 'pod install' or update your CocoaPods installation.\" >&2\n    exit 1\nfi\n# This output is used by Xcode 'outputs' to avoid re-running this script phase.\necho \"SUCCESS\" > \"${SCRIPT_OUTPUT_FILE_0}\"\n";
			showEnvVarsInLog = 0;
		};
		F602F51AEDF985DD833D1A3A /* [CP] Embed Pods Frameworks */ = {
			isa = PBXShellScriptBuildPhase;
			buildActionMask = 2147483647;
			files = (
			);
			inputFileListPaths = (
				"${PODS_ROOT}/Target Support Files/Pods-GifAndVideoLoopTests/Pods-GifAndVideoLoopTests-frameworks-${CONFIGURATION}-input-files.xcfilelist",
			);
			name = "[CP] Embed Pods Frameworks";
			outputFileListPaths = (
				"${PODS_ROOT}/Target Support Files/Pods-GifAndVideoLoopTests/Pods-GifAndVideoLoopTests-frameworks-${CONFIGURATION}-output-files.xcfilelist",
			);
			runOnlyForDeploymentPostprocessing = 0;
			shellPath = /bin/sh;
			shellScript = "\"${PODS_ROOT}/Target Support Files/Pods-GifAndVideoLoopTests/Pods-GifAndVideoLoopTests-frameworks.sh\"\n";
			showEnvVarsInLog = 0;
		};
/* End PBXShellScriptBuildPhase section */

/* Begin PBXSourcesBuildPhase section */
		375704472510B8A6007CE4FD /* Sources */ = {
			isa = PBXSourcesBuildPhase;
			buildActionMask = 2147483647;
			files = (
				375704532510B8A6007CE4FD /* ViewController.swift in Sources */,
				3757044F2510B8A6007CE4FD /* AppDelegate.swift in Sources */,
			);
			runOnlyForDeploymentPostprocessing = 0;
		};
/* End PBXSourcesBuildPhase section */

/* Begin PBXVariantGroup section */
		375704592510B8A7007CE4FD /* LaunchScreen.storyboard */ = {
			isa = PBXVariantGroup;
			children = (
				3757045A2510B8A7007CE4FD /* Base */,
			);
			name = LaunchScreen.storyboard;
			sourceTree = "<group>";
		};
/* End PBXVariantGroup section */

/* Begin XCBuildConfiguration section */
		3757045D2510B8A7007CE4FD /* Debug */ = {
			isa = XCBuildConfiguration;
			buildSettings = {
				ALWAYS_SEARCH_USER_PATHS = NO;
				CLANG_ANALYZER_NONNULL = YES;
				CLANG_ANALYZER_NUMBER_OBJECT_CONVERSION = YES_AGGRESSIVE;
				CLANG_CXX_LANGUAGE_STANDARD = "gnu++14";
				CLANG_CXX_LIBRARY = "libc++";
				CLANG_ENABLE_MODULES = YES;
				CLANG_ENABLE_OBJC_ARC = YES;
				CLANG_ENABLE_OBJC_WEAK = YES;
				CLANG_WARN_BLOCK_CAPTURE_AUTORELEASING = YES;
				CLANG_WARN_BOOL_CONVERSION = YES;
				CLANG_WARN_COMMA = YES;
				CLANG_WARN_CONSTANT_CONVERSION = YES;
				CLANG_WARN_DEPRECATED_OBJC_IMPLEMENTATIONS = YES;
				CLANG_WARN_DIRECT_OBJC_ISA_USAGE = YES_ERROR;
				CLANG_WARN_DOCUMENTATION_COMMENTS = YES;
				CLANG_WARN_EMPTY_BODY = YES;
				CLANG_WARN_ENUM_CONVERSION = YES;
				CLANG_WARN_INFINITE_RECURSION = YES;
				CLANG_WARN_INT_CONVERSION = YES;
				CLANG_WARN_NON_LITERAL_NULL_CONVERSION = YES;
				CLANG_WARN_OBJC_IMPLICIT_RETAIN_SELF = YES;
				CLANG_WARN_OBJC_LITERAL_CONVERSION = YES;
				CLANG_WARN_OBJC_ROOT_CLASS = YES_ERROR;
				CLANG_WARN_RANGE_LOOP_ANALYSIS = YES;
				CLANG_WARN_STRICT_PROTOTYPES = YES;
				CLANG_WARN_SUSPICIOUS_MOVE = YES;
				CLANG_WARN_UNGUARDED_AVAILABILITY = YES_AGGRESSIVE;
				CLANG_WARN_UNREACHABLE_CODE = YES;
				CLANG_WARN__DUPLICATE_METHOD_MATCH = YES;
				COPY_PHASE_STRIP = NO;
				DEBUG_INFORMATION_FORMAT = dwarf;
				ENABLE_STRICT_OBJC_MSGSEND = YES;
				ENABLE_TESTABILITY = YES;
				GCC_C_LANGUAGE_STANDARD = gnu11;
				GCC_DYNAMIC_NO_PIC = NO;
				GCC_NO_COMMON_BLOCKS = YES;
				GCC_OPTIMIZATION_LEVEL = 0;
				GCC_PREPROCESSOR_DEFINITIONS = (
					"DEBUG=1",
					"$(inherited)",
				);
				GCC_WARN_64_TO_32_BIT_CONVERSION = YES;
				GCC_WARN_ABOUT_RETURN_TYPE = YES_ERROR;
				GCC_WARN_UNDECLARED_SELECTOR = YES;
				GCC_WARN_UNINITIALIZED_AUTOS = YES_AGGRESSIVE;
				GCC_WARN_UNUSED_FUNCTION = YES;
				GCC_WARN_UNUSED_VARIABLE = YES;
				IPHONEOS_DEPLOYMENT_TARGET = 13.4;
				MTL_ENABLE_DEBUG_INFO = INCLUDE_SOURCE;
				MTL_FAST_MATH = YES;
				ONLY_ACTIVE_ARCH = YES;
				SDKROOT = iphoneos;
				SWIFT_ACTIVE_COMPILATION_CONDITIONS = DEBUG;
				SWIFT_OPTIMIZATION_LEVEL = "-Onone";
			};
			name = Debug;
		};
		3757045E2510B8A7007CE4FD /* Release */ = {
			isa = XCBuildConfiguration;
			buildSettings = {
				ALWAYS_SEARCH_USER_PATHS = NO;
				CLANG_ANALYZER_NONNULL = YES;
				CLANG_ANALYZER_NUMBER_OBJECT_CONVERSION = YES_AGGRESSIVE;
				CLANG_CXX_LANGUAGE_STANDARD = "gnu++14";
				CLANG_CXX_LIBRARY = "libc++";
				CLANG_ENABLE_MODULES = YES;
				CLANG_ENABLE_OBJC_ARC = YES;
				CLANG_ENABLE_OBJC_WEAK = YES;
				CLANG_WARN_BLOCK_CAPTURE_AUTORELEASING = YES;
				CLANG_WARN_BOOL_CONVERSION = YES;
				CLANG_WARN_COMMA = YES;
				CLANG_WARN_CONSTANT_CONVERSION = YES;
				CLANG_WARN_DEPRECATED_OBJC_IMPLEMENTATIONS = YES;
				CLANG_WARN_DIRECT_OBJC_ISA_USAGE = YES_ERROR;
				CLANG_WARN_DOCUMENTATION_COMMENTS = YES;
				CLANG_WARN_EMPTY_BODY = YES;
				CLANG_WARN_ENUM_CONVERSION = YES;
				CLANG_WARN_INFINITE_RECURSION = YES;
				CLANG_WARN_INT_CONVERSION = YES;
				CLANG_WARN_NON_LITERAL_NULL_CONVERSION = YES;
				CLANG_WARN_OBJC_IMPLICIT_RETAIN_SELF = YES;
				CLANG_WARN_OBJC_LITERAL_CONVERSION = YES;
				CLANG_WARN_OBJC_ROOT_CLASS = YES_ERROR;
				CLANG_WARN_RANGE_LOOP_ANALYSIS = YES;
				CLANG_WARN_STRICT_PROTOTYPES = YES;
				CLANG_WARN_SUSPICIOUS_MOVE = YES;
				CLANG_WARN_UNGUARDED_AVAILABILITY = YES_AGGRESSIVE;
				CLANG_WARN_UNREACHABLE_CODE = YES;
				CLANG_WARN__DUPLICATE_METHOD_MATCH = YES;
				COPY_PHASE_STRIP = NO;
				DEBUG_INFORMATION_FORMAT = "dwarf-with-dsym";
				ENABLE_NS_ASSERTIONS = NO;
				ENABLE_STRICT_OBJC_MSGSEND = YES;
				GCC_C_LANGUAGE_STANDARD = gnu11;
				GCC_NO_COMMON_BLOCKS = YES;
				GCC_WARN_64_TO_32_BIT_CONVERSION = YES;
				GCC_WARN_ABOUT_RETURN_TYPE = YES_ERROR;
				GCC_WARN_UNDECLARED_SELECTOR = YES;
				GCC_WARN_UNINITIALIZED_AUTOS = YES_AGGRESSIVE;
				GCC_WARN_UNUSED_FUNCTION = YES;
				GCC_WARN_UNUSED_VARIABLE = YES;
				IPHONEOS_DEPLOYMENT_TARGET = 13.4;
				MTL_ENABLE_DEBUG_INFO = NO;
				MTL_FAST_MATH = YES;
				SDKROOT = iphoneos;
				SWIFT_COMPILATION_MODE = wholemodule;
				SWIFT_OPTIMIZATION_LEVEL = "-O";
				VALIDATE_PRODUCT = YES;
			};
			name = Release;
		};
		375704602510B8A7007CE4FD /* Debug */ = {
			isa = XCBuildConfiguration;
			baseConfigurationReference = B20F680D13D8B0ED99F99849 /* Pods-GifAndVideoLoopTests.debug.xcconfig */;
			buildSettings = {
				ASSETCATALOG_COMPILER_APPICON_NAME = AppIcon;
				CODE_SIGN_STYLE = Automatic;
				DEVELOPMENT_TEAM = JU94JLHKNT;
				INFOPLIST_FILE = GifAndVideoLoopTests/Info.plist;
				IPHONEOS_DEPLOYMENT_TARGET = 13.0;
				LD_RUNPATH_SEARCH_PATHS = (
					"$(inherited)",
					"@executable_path/Frameworks",
				);
				PRODUCT_BUNDLE_IDENTIFIER = com.zb1995.GifAndVideoLoopTests;
				PRODUCT_NAME = "$(TARGET_NAME)";
				SWIFT_VERSION = 5.0;
				TARGETED_DEVICE_FAMILY = "1,2";
			};
			name = Debug;
		};
		375704612510B8A7007CE4FD /* Release */ = {
			isa = XCBuildConfiguration;
			baseConfigurationReference = F4852737D5C3AAA876BB0139 /* Pods-GifAndVideoLoopTests.release.xcconfig */;
			buildSettings = {
				ASSETCATALOG_COMPILER_APPICON_NAME = AppIcon;
				CODE_SIGN_STYLE = Automatic;
				DEVELOPMENT_TEAM = JU94JLHKNT;
				INFOPLIST_FILE = GifAndVideoLoopTests/Info.plist;
				IPHONEOS_DEPLOYMENT_TARGET = 13.0;
				LD_RUNPATH_SEARCH_PATHS = (
					"$(inherited)",
					"@executable_path/Frameworks",
				);
				PRODUCT_BUNDLE_IDENTIFIER = com.zb1995.GifAndVideoLoopTests;
				PRODUCT_NAME = "$(TARGET_NAME)";
				SWIFT_VERSION = 5.0;
				TARGETED_DEVICE_FAMILY = "1,2";
			};
			name = Release;
		};
/* End XCBuildConfiguration section */

/* Begin XCConfigurationList section */
		375704462510B8A6007CE4FD /* Build configuration list for PBXProject "GifAndVideoLoopTests" */ = {
			isa = XCConfigurationList;
			buildConfigurations = (
				3757045D2510B8A7007CE4FD /* Debug */,
				3757045E2510B8A7007CE4FD /* Release */,
			);
			defaultConfigurationIsVisible = 0;
			defaultConfigurationName = Release;
		};
		3757045F2510B8A7007CE4FD /* Build configuration list for PBXNativeTarget "GifAndVideoLoopTests" */ = {
			isa = XCConfigurationList;
			buildConfigurations = (
				375704602510B8A7007CE4FD /* Debug */,
				375704612510B8A7007CE4FD /* Release */,
			);
			defaultConfigurationIsVisible = 0;
			defaultConfigurationName = Release;
		};
/* End XCConfigurationList section */
	};
	rootObject = 375704432510B8A6007CE4FD /* Project object */;
}
